// !$*UTF8*$!
{
	archiveVersion = 1;
	classes = {
	};
	objectVersion = 46;
	objects = {

/* Begin PBXBuildFile section */
		5698E23B19D67EB70015204D /* AppDelegate.swift in Sources */ = {isa = PBXBuildFile; fileRef = 5698E23A19D67EB70015204D /* AppDelegate.swift */; };
		5698E23D19D67EB70015204D /* ViewController.swift in Sources */ = {isa = PBXBuildFile; fileRef = 5698E23C19D67EB70015204D /* ViewController.swift */; };
		5698E24019D67EB70015204D /* Main.storyboard in Resources */ = {isa = PBXBuildFile; fileRef = 5698E23E19D67EB70015204D /* Main.storyboard */; };
		5698E24219D67EB70015204D /* Images.xcassets in Resources */ = {isa = PBXBuildFile; fileRef = 5698E24119D67EB70015204D /* Images.xcassets */; };
		5698E24519D67EB70015204D /* LaunchScreen.xib in Resources */ = {isa = PBXBuildFile; fileRef = 5698E24319D67EB70015204D /* LaunchScreen.xib */; };
		5698E25119D67EB80015204D /* BlockAnimationTests.swift in Sources */ = {isa = PBXBuildFile; fileRef = 5698E25019D67EB80015204D /* BlockAnimationTests.swift */; };
/* End PBXBuildFile section */

/* Begin PBXContainerItemProxy section */
		5698E24B19D67EB80015204D /* PBXContainerItemProxy */ = {
			isa = PBXContainerItemProxy;
			containerPortal = 5698E22D19D67EB70015204D /* Project object */;
			proxyType = 1;
			remoteGlobalIDString = 5698E23419D67EB70015204D;
			remoteInfo = BlockAnimation;
		};
/* End PBXContainerItemProxy section */

/* Begin PBXFileReference section */
		5698E23519D67EB70015204D /* BlockAnimation.app */ = {isa = PBXFileReference; explicitFileType = wrapper.application; includeInIndex = 0; path = BlockAnimation.app; sourceTree = BUILT_PRODUCTS_DIR; };
		5698E23919D67EB70015204D /* Info.plist */ = {isa = PBXFileReference; lastKnownFileType = text.plist.xml; path = Info.plist; sourceTree = "<group>"; };
		5698E23A19D67EB70015204D /* AppDelegate.swift */ = {isa = PBXFileReference; lastKnownFileType = sourcecode.swift; path = AppDelegate.swift; sourceTree = "<group>"; };
		5698E23C19D67EB70015204D /* ViewController.swift */ = {isa = PBXFileReference; lastKnownFileType = sourcecode.swift; path = ViewController.swift; sourceTree = "<group>"; };
		5698E23F19D67EB70015204D /* Base */ = {isa = PBXFileReference; lastKnownFileType = file.storyboard; name = Base; path = Base.lproj/Main.storyboard; sourceTree = "<group>"; };
		5698E24119D67EB70015204D /* Images.xcassets */ = {isa = PBXFileReference; lastKnownFileType = folder.assetcatalog; path = Images.xcassets; sourceTree = "<group>"; };
		5698E24419D67EB70015204D /* Base */ = {isa = PBXFileReference; lastKnownFileType = file.xib; name = Base; path = Base.lproj/LaunchScreen.xib; sourceTree = "<group>"; };
		5698E24A19D67EB80015204D /* BlockAnimationTests.xctest */ = {isa = PBXFileReference; explicitFileType = wrapper.cfbundle; includeInIndex = 0; path = BlockAnimationTests.xctest; sourceTree = BUILT_PRODUCTS_DIR; };
		5698E24F19D67EB80015204D /* Info.plist */ = {isa = PBXFileReference; lastKnownFileType = text.plist.xml; path = Info.plist; sourceTree = "<group>"; };
		5698E25019D67EB80015204D /* BlockAnimationTests.swift */ = {isa = PBXFileReference; lastKnownFileType = sourcecode.swift; path = BlockAnimationTests.swift; sourceTree = "<group>"; };
/* End PBXFileReference section */

/* Begin PBXFrameworksBuildPhase section */
		5698E23219D67EB70015204D /* Frameworks */ = {
			isa = PBXFrameworksBuildPhase;
			buildActionMask = 2147483647;
			files = (
			);
			runOnlyForDeploymentPostprocessing = 0;
		};
		5698E24719D67EB70015204D /* Frameworks */ = {
			isa = PBXFrameworksBuildPhase;
			buildActionMask = 2147483647;
			files = (
			);
			runOnlyForDeploymentPostprocessing = 0;
		};
/* End PBXFrameworksBuildPhase section */

/* Begin PBXGroup section */
		5698E22C19D67EB70015204D = {
			isa = PBXGroup;
			children = (
				5698E23719D67EB70015204D /* BlockAnimation */,
				5698E24D19D67EB80015204D /* BlockAnimationTests */,
				5698E23619D67EB70015204D /* Products */,
			);
			sourceTree = "<group>";
		};
		5698E23619D67EB70015204D /* Products */ = {
			isa = PBXGroup;
			children = (
				5698E23519D67EB70015204D /* BlockAnimation.app */,
				5698E24A19D67EB80015204D /* BlockAnimationTests.xctest */,
			);
			name = Products;
			sourceTree = "<group>";
		};
		5698E23719D67EB70015204D /* BlockAnimation */ = {
			isa = PBXGroup;
			children = (
				5698E23A19D67EB70015204D /* AppDelegate.swift */,
				5698E23C19D67EB70015204D /* ViewController.swift */,
				5698E23E19D67EB70015204D /* Main.storyboard */,
				5698E24119D67EB70015204D /* Images.xcassets */,
				5698E24319D67EB70015204D /* LaunchScreen.xib */,
				5698E23819D67EB70015204D /* Supporting Files */,
			);
			path = BlockAnimation;
			sourceTree = "<group>";
		};
		5698E23819D67EB70015204D /* Supporting Files */ = {
			isa = PBXGroup;
			children = (
				5698E23919D67EB70015204D /* Info.plist */,
			);
			name = "Supporting Files";
			sourceTree = "<group>";
		};
		5698E24D19D67EB80015204D /* BlockAnimationTests */ = {
			isa = PBXGroup;
			children = (
				5698E25019D67EB80015204D /* BlockAnimationTests.swift */,
				5698E24E19D67EB80015204D /* Supporting Files */,
			);
			path = BlockAnimationTests;
			sourceTree = "<group>";
		};
		5698E24E19D67EB80015204D /* Supporting Files */ = {
			isa = PBXGroup;
			children = (
				5698E24F19D67EB80015204D /* Info.plist */,
			);
			name = "Supporting Files";
			sourceTree = "<group>";
		};
/* End PBXGroup section */

/* Begin PBXNativeTarget section */
		5698E23419D67EB70015204D /* BlockAnimation */ = {
			isa = PBXNativeTarget;
			buildConfigurationList = 5698E25419D67EB80015204D /* Build configuration list for PBXNativeTarget "BlockAnimation" */;
			buildPhases = (
				5698E23119D67EB70015204D /* Sources */,
				5698E23219D67EB70015204D /* Frameworks */,
				5698E23319D67EB70015204D /* Resources */,
			);
			buildRules = (
			);
			dependencies = (
			);
			name = BlockAnimation;
			productName = BlockAnimation;
			productReference = 5698E23519D67EB70015204D /* BlockAnimation.app */;
			productType = "com.apple.product-type.application";
		};
		5698E24919D67EB70015204D /* BlockAnimationTests */ = {
			isa = PBXNativeTarget;
			buildConfigurationList = 5698E25719D67EB80015204D /* Build configuration list for PBXNativeTarget "BlockAnimationTests" */;
			buildPhases = (
				5698E24619D67EB70015204D /* Sources */,
				5698E24719D67EB70015204D /* Frameworks */,
				5698E24819D67EB70015204D /* Resources */,
			);
			buildRules = (
			);
			dependencies = (
				5698E24C19D67EB80015204D /* PBXTargetDependency */,
			);
			name = BlockAnimationTests;
			productName = BlockAnimationTests;
			productReference = 5698E24A19D67EB80015204D /* BlockAnimationTests.xctest */;
			productType = "com.apple.product-type.bundle.unit-test";
		};
/* End PBXNativeTarget section */

/* Begin PBXProject section */
		5698E22D19D67EB70015204D /* Project object */ = {
			isa = PBXProject;
			attributes = {
				LastUpgradeCheck = 0600;
				ORGANIZATIONNAME = DuyNT;
				TargetAttributes = {
					5698E23419D67EB70015204D = {
						CreatedOnToolsVersion = 6.0;
					};
					5698E24919D67EB70015204D = {
						CreatedOnToolsVersion = 6.0;
						TestTargetID = 5698E23419D67EB70015204D;
					};
				};
			};
			buildConfigurationList = 5698E23019D67EB70015204D /* Build configuration list for PBXProject "BlockAnimation" */;
			compatibilityVersion = "Xcode 3.2";
			developmentRegion = English;
			hasScannedForEncodings = 0;
			knownRegions = (
				en,
				Base,
			);
			mainGroup = 5698E22C19D67EB70015204D;
			productRefGroup = 5698E23619D67EB70015204D /* Products */;
			projectDirPath = "";
			projectRoot = "";
			targets = (
				5698E23419D67EB70015204D /* BlockAnimation */,
				5698E24919D67EB70015204D /* BlockAnimationTests */,
			);
		};
/* End PBXProject section */

/* Begin PBXResourcesBuildPhase section */
		5698E23319D67EB70015204D /* Resources */ = {
			isa = PBXResourcesBuildPhase;
			buildActionMask = 2147483647;
			files = (
				5698E24019D67EB70015204D /* Main.storyboard in Resources */,
				5698E24519D67EB70015204D /* LaunchScreen.xib in Resources */,
				5698E24219D67EB70015204D /* Images.xcassets in Resources */,
			);
			runOnlyForDeploymentPostprocessing = 0;
		};
		5698E24819D67EB70015204D /* Resources */ = {
			isa = PBXResourcesBuildPhase;
			buildActionMask = 2147483647;
			files = (
			);
			runOnlyForDeploymentPostprocessing = 0;
		};
/* End PBXResourcesBuildPhase section */

/* Begin PBXSourcesBuildPhase section */
		5698E23119D67EB70015204D /* Sources */ = {
			isa = PBXSourcesBuildPhase;
			buildActionMask = 2147483647;
			files = (
				5698E23D19D67EB70015204D /* ViewController.swift in Sources */,
				5698E23B19D67EB70015204D /* AppDelegate.swift in Sources */,
			);
			runOnlyForDeploymentPostprocessing = 0;
		};
		5698E24619D67EB70015204D /* Sources */ = {
			isa = PBXSourcesBuildPhase;
			buildActionMask = 2147483647;
			files = (
				5698E25119D67EB80015204D /* BlockAnimationTests.swift in Sources */,
			);
			runOnlyForDeploymentPostprocessing = 0;
		};
/* End PBXSourcesBuildPhase section */

/* Begin PBXTargetDependency section */
		5698E24C19D67EB80015204D /* PBXTargetDependency */ = {
			isa = PBXTargetDependency;
			target = 5698E23419D67EB70015204D /* BlockAnimation */;
			targetProxy = 5698E24B19D67EB80015204D /* PBXContainerItemProxy */;
		};
/* End PBXTargetDependency section */

/* Begin PBXVariantGroup section */
		5698E23E19D67EB70015204D /* Main.storyboard */ = {
			isa = PBXVariantGroup;
			children = (
				5698E23F19D67EB70015204D /* Base */,
			);
			name = Main.storyboard;
			sourceTree = "<group>";
		};
		5698E24319D67EB70015204D /* LaunchScreen.xib */ = {
			isa = PBXVariantGroup;
			children = (
				5698E24419D67EB70015204D /* Base */,
			);
			name = LaunchScreen.xib;
			sourceTree = "<group>";
		};
/* End PBXVariantGroup section */

/* Begin XCBuildConfiguration section */
		5698E25219D67EB80015204D /* Debug */ = {
			isa = XCBuildConfiguration;
			buildSettings = {
				ALWAYS_SEARCH_USER_PATHS = NO;
				CLANG_CXX_LANGUAGE_STANDARD = "gnu++0x";
				CLANG_CXX_LIBRARY = "libc++";
				CLANG_ENABLE_MODULES = YES;
				CLANG_ENABLE_OBJC_ARC = YES;
				CLANG_WARN_BOOL_CONVERSION = YES;
				CLANG_WARN_CONSTANT_CONVERSION = YES;
				CLANG_WARN_DIRECT_OBJC_ISA_USAGE = YES_ERROR;
				CLANG_WARN_EMPTY_BODY = YES;
				CLANG_WARN_ENUM_CONVERSION = YES;
				CLANG_WARN_INT_CONVERSION = YES;
				CLANG_WARN_OBJC_ROOT_CLASS = YES_ERROR;
				CLANG_WARN_UNREACHABLE_CODE = YES;
				CLANG_WARN__DUPLICATE_METHOD_MATCH = YES;
				"CODE_SIGN_IDENTITY[sdk=iphoneos*]" = "iPhone Developer";
				COPY_PHASE_STRIP = NO;
				ENABLE_STRICT_OBJC_MSGSEND = YES;
				GCC_C_LANGUAGE_STANDARD = gnu99;
				GCC_DYNAMIC_NO_PIC = NO;
				GCC_OPTIMIZATION_LEVEL = 0;
				GCC_PREPROCESSOR_DEFINITIONS = (
					"DEBUG=1",
					"$(inherited)",
				);
				GCC_SYMBOLS_PRIVATE_EXTERN = NO;
				GCC_WARN_64_TO_32_BIT_CONVERSION = YES;
				GCC_WARN_ABOUT_RETURN_TYPE = YES_ERROR;
				GCC_WARN_UNDECLARED_SELECTOR = YES;
				GCC_WARN_UNINITIALIZED_AUTOS = YES_AGGRESSIVE;
				GCC_WARN_UNUSED_FUNCTION = YES;
				GCC_WARN_UNUSED_VARIABLE = YES;
				IPHONEOS_DEPLOYMENT_TARGET = 8.0;
				MTL_ENABLE_DEBUG_INFO = YES;
				ONLY_ACTIVE_ARCH = YES;
				SDKROOT = iphoneos;
				SWIFT_OPTIMIZATION_LEVEL = "-Onone";
			};
			name = Debug;
		};
		5698E25319D67EB80015204D /* Release */ = {
			isa = XCBuildConfiguration;
			buildSettings = {
				ALWAYS_SEARCH_USER_PATHS = NO;
				CLANG_CXX_LANGUAGE_STANDARD = "gnu++0x";
				CLANG_CXX_LIBRARY = "libc++";
				CLANG_ENABLE_MODULES = YES;
				CLANG_ENABLE_OBJC_ARC = YES;
				CLANG_WARN_BOOL_CONVERSION = YES;
				CLANG_WARN_CONSTANT_CONVERSION = YES;
				CLANG_WARN_DIRECT_OBJC_ISA_USAGE = YES_ERROR;
				CLANG_WARN_EMPTY_BODY = YES;
				CLANG_WARN_ENUM_CONVERSION = YES;
				CLANG_WARN_INT_CONVERSION = YES;
				CLANG_WARN_OBJC_ROOT_CLASS = YES_ERROR;
				CLANG_WARN_UNREACHABLE_CODE = YES;
				CLANG_WARN__DUPLICATE_METHOD_MATCH = YES;
				"CODE_SIGN_IDENTITY[sdk=iphoneos*]" = "iPhone Developer";
				COPY_PHASE_STRIP = YES;
				ENABLE_NS_ASSERTIONS = NO;
				ENABLE_STRICT_OBJC_MSGSEND = YES;
				GCC_C_LANGUAGE_STANDARD = gnu99;
				GCC_WARN_64_TO_32_BIT_CONVERSION = YES;
				GCC_WARN_ABOUT_RETURN_TYPE = YES_ERROR;
				GCC_WARN_UNDECLARED_SELECTOR = YES;
				GCC_WARN_UNINITIALIZED_AUTOS = YES_AGGRESSIVE;
				GCC_WARN_UNUSED_FUNCTION = YES;
				GCC_WARN_UNUSED_VARIABLE = YES;
				IPHONEOS_DEPLOYMENT_TARGET = 8.0;
				MTL_ENABLE_DEBUG_INFO = NO;
				SDKROOT = iphoneos;
				VALIDATE_PRODUCT = YES;
			};
			name = Release;
		};
		5698E25519D67EB80015204D /* Debug */ = {
			isa = XCBuildConfiguration;
			buildSettings = {
				ASSETCATALOG_COMPILER_APPICON_NAME = AppIcon;
				INFOPLIST_FILE = BlockAnimation/Info.plist;
				LD_RUNPATH_SEARCH_PATHS = "$(inherited) @executable_path/Frameworks";
				PRODUCT_NAME = "$(TARGET_NAME)";
			};
			name = Debug;
		};
		5698E25619D67EB80015204D /* Release */ = {
			isa = XCBuildConfiguration;
			buildSettings = {
				ASSETCATALOG_COMPILER_APPICON_NAME = AppIcon;
				INFOPLIST_FILE = BlockAnimation/Info.plist;
				LD_RUNPATH_SEARCH_PATHS = "$(inherited) @executable_path/Frameworks";
				PRODUCT_NAME = "$(TARGET_NAME)";
			};
			name = Release;
		};
		5698E25819D67EB80015204D /* Debug */ = {
			isa = XCBuildConfiguration;
			buildSettings = {
				BUNDLE_LOADER = "$(TEST_HOST)";
				FRAMEWORK_SEARCH_PATHS = (
					"$(SDKROOT)/Developer/Library/Frameworks",
					"$(inherited)",
				);
				GCC_PREPROCESSOR_DEFINITIONS = (
					"DEBUG=1",
					"$(inherited)",
				);
				INFOPLIST_FILE = BlockAnimationTests/Info.plist;
				LD_RUNPATH_SEARCH_PATHS = "$(inherited) @executable_path/Frameworks @loader_path/Frameworks";
				PRODUCT_NAME = "$(TARGET_NAME)";
				TEST_HOST = "$(BUILT_PRODUCTS_DIR)/BlockAnimation.app/BlockAnimation";
			};
			name = Debug;
		};
		5698E25919D67EB80015204D /* Release */ = {
			isa = XCBuildConfiguration;
			buildSettings = {
				BUNDLE_LOADER = "$(TEST_HOST)";
				FRAMEWORK_SEARCH_PATHS = (
					"$(SDKROOT)/Developer/Library/Frameworks",
					"$(inherited)",
				);
				INFOPLIST_FILE = BlockAnimationTests/Info.plist;
				LD_RUNPATH_SEARCH_PATHS = "$(inherited) @executable_path/Frameworks @loader_path/Frameworks";
				PRODUCT_NAME = "$(TARGET_NAME)";
				TEST_HOST = "$(BUILT_PRODUCTS_DIR)/BlockAnimation.app/BlockAnimation";
			};
			name = Release;
		};
/* End XCBuildConfiguration section */

/* Begin XCConfigurationList section */
		5698E23019D67EB70015204D /* Build configuration list for PBXProject "BlockAnimation" */ = {
			isa = XCConfigurationList;
			buildConfigurations = (
				5698E25219D67EB80015204D /* Debug */,
				5698E25319D67EB80015204D /* Release */,
			);
			defaultConfigurationIsVisible = 0;
			defaultConfigurationName = Release;
		};
		5698E25419D67EB80015204D /* Build configuration list for PBXNativeTarget "BlockAnimation" */ = {
			isa = XCConfigurationList;
			buildConfigurations = (
				5698E25519D67EB80015204D /* Debug */,
				5698E25619D67EB80015204D /* Release */,
			);
			defaultConfigurationIsVisible = 0;
		};
		5698E25719D67EB80015204D /* Build configuration list for PBXNativeTarget "BlockAnimationTests" */ = {
			isa = XCConfigurationList;
			buildConfigurations = (
				5698E25819D67EB80015204D /* Debug */,
				5698E25919D67EB80015204D /* Release */,
			);
			defaultConfigurationIsVisible = 0;
		};
/* End XCConfigurationList section */
	};
	rootObject = 5698E22D19D67EB70015204D /* Project object */;
}
